// !$*UTF8*$!
{
	archiveVersion = 1;
	classes = {
	};
	objectVersion = 46;
	objects = {

/* Begin PBXBuildFile section */
		030BC40E14EED80F000A2623 /* UIKit.framework in Frameworks */ = {isa = PBXBuildFile; fileRef = 030BC40D14EED80F000A2623 /* UIKit.framework */; };
		030BC41014EED80F000A2623 /* Foundation.framework in Frameworks */ = {isa = PBXBuildFile; fileRef = 030BC40F14EED80F000A2623 /* Foundation.framework */; };
		030BC41214EED80F000A2623 /* CoreGraphics.framework in Frameworks */ = {isa = PBXBuildFile; fileRef = 030BC41114EED80F000A2623 /* CoreGraphics.framework */; };
		030BC41814EED80F000A2623 /* InfoPlist.strings in Resources */ = {isa = PBXBuildFile; fileRef = 030BC41614EED80F000A2623 /* InfoPlist.strings */; };
		030BC41A14EED80F000A2623 /* main.m in Sources */ = {isa = PBXBuildFile; fileRef = 030BC41914EED80F000A2623 /* main.m */; };
		030BC41E14EED80F000A2623 /* AppDelegate.m in Sources */ = {isa = PBXBuildFile; fileRef = 030BC41D14EED80F000A2623 /* AppDelegate.m */; };
		030BC42114EED80F000A2623 /* ViewController.m in Sources */ = {isa = PBXBuildFile; fileRef = 030BC42014EED80F000A2623 /* ViewController.m */; };
		030BC42414EED80F000A2623 /* ViewController.xib in Resources */ = {isa = PBXBuildFile; fileRef = 030BC42214EED80F000A2623 /* ViewController.xib */; };
/* End PBXBuildFile section */

/* Begin PBXFileReference section */
		030BC40914EED80F000A2623 /* CalanderView.app */ = {isa = PBXFileReference; explicitFileType = wrapper.application; includeInIndex = 0; path = CalanderView.app; sourceTree = BUILT_PRODUCTS_DIR; };
		030BC40D14EED80F000A2623 /* UIKit.framework */ = {isa = PBXFileReference; lastKnownFileType = wrapper.framework; name = UIKit.framework; path = System/Library/Frameworks/UIKit.framework; sourceTree = SDKROOT; };
		030BC40F14EED80F000A2623 /* Foundation.framework */ = {isa = PBXFileReference; lastKnownFileType = wrapper.framework; name = Foundation.framework; path = System/Library/Frameworks/Foundation.framework; sourceTree = SDKROOT; };
		030BC41114EED80F000A2623 /* CoreGraphics.framework */ = {isa = PBXFileReference; lastKnownFileType = wrapper.framework; name = CoreGraphics.framework; path = System/Library/Frameworks/CoreGraphics.framework; sourceTree = SDKROOT; };
		030BC41514EED80F000A2623 /* CalanderView-Info.plist */ = {isa = PBXFileReference; path = "CalanderView-Info.plist"; sourceTree = "<group>"; };
		030BC41714EED80F000A2623 /* en */ = {isa = PBXFileReference; lastKnownFileType = text.plist.strings; name = en; path = en.lproj/InfoPlist.strings; sourceTree = "<group>"; };
		030BC41914EED80F000A2623 /* main.m */ = {isa = PBXFileReference; lastKnownFileType = sourcecode.c.objc; path = main.m; sourceTree = "<group>"; };
		030BC41B14EED80F000A2623 /* CalanderView-Prefix.pch */ = {isa = PBXFileReference; path = "CalanderView-Prefix.pch"; sourceTree = "<group>"; };
		030BC41C14EED80F000A2623 /* AppDelegate.h */ = {isa = PBXFileReference; path = AppDelegate.h; sourceTree = "<group>"; };
		030BC41D14EED80F000A2623 /* AppDelegate.m */ = {isa = PBXFileReference; lastKnownFileType = sourcecode.c.objc; path = AppDelegate.m; sourceTree = "<group>"; };
		030BC41F14EED80F000A2623 /* ViewController.h */ = {isa = PBXFileReference; path = ViewController.h; sourceTree = "<group>"; };
		030BC42014EED80F000A2623 /* ViewController.m */ = {isa = PBXFileReference; lastKnownFileType = sourcecode.c.objc; path = ViewController.m; sourceTree = "<group>"; };
		030BC42314EED80F000A2623 /* en */ = {isa = PBXFileReference; lastKnownFileType = file.xib; name = en; path = en.lproj/ViewController.xib; sourceTree = "<group>"; };
/* End PBXFileReference section */

/* Begin PBXFrameworksBuildPhase section */
		030BC40614EED80F000A2623 /* Frameworks */ = {
			isa = PBXFrameworksBuildPhase;
			buildActionMask = 2147483647;
			files = (
				030BC40E14EED80F000A2623 /* UIKit.framework in Frameworks */,
				030BC41014EED80F000A2623 /* Foundation.framework in Frameworks */,
				030BC41214EED80F000A2623 /* CoreGraphics.framework in Frameworks */,
			);
			runOnlyForDeploymentPostprocessing = 0;
		};
/* End PBXFrameworksBuildPhase section */

/* Begin PBXGroup section */
		030BC3FE14EED80F000A2623 = {
			isa = PBXGroup;
			children = (
				030BC41314EED80F000A2623 /* CalanderView */,
				030BC40C14EED80F000A2623 /* Frameworks */,
				030BC40A14EED80F000A2623 /* Products */,
			);
			sourceTree = "<group>";
		};
		030BC40A14EED80F000A2623 /* Products */ = {
			isa = PBXGroup;
			children = (
				030BC40914EED80F000A2623 /* CalanderView.app */,
			);
			name = Products;
			sourceTree = "<group>";
		};
		030BC40C14EED80F000A2623 /* Frameworks */ = {
			isa = PBXGroup;
			children = (
				030BC40D14EED80F000A2623 /* UIKit.framework */,
				030BC40F14EED80F000A2623 /* Foundation.framework */,
				030BC41114EED80F000A2623 /* CoreGraphics.framework */,
			);
			name = Frameworks;
			sourceTree = "<group>";
		};
		030BC41314EED80F000A2623 /* CalanderView */ = {
			isa = PBXGroup;
			children = (
				030BC41C14EED80F000A2623 /* AppDelegate.h */,
				030BC41D14EED80F000A2623 /* AppDelegate.m */,
				030BC41F14EED80F000A2623 /* ViewController.h */,
				030BC42014EED80F000A2623 /* ViewController.m */,
				030BC42214EED80F000A2623 /* ViewController.xib */,
				030BC41414EED80F000A2623 /* Supporting Files */,
			);
			path = CalanderView;
			sourceTree = "<group>";
		};
		030BC41414EED80F000A2623 /* Supporting Files */ = {
			isa = PBXGroup;
			children = (
				030BC41514EED80F000A2623 /* CalanderView-Info.plist */,
				030BC41614EED80F000A2623 /* InfoPlist.strings */,
				030BC41914EED80F000A2623 /* main.m */,
				030BC41B14EED80F000A2623 /* CalanderView-Prefix.pch */,
			);
			name = "Supporting Files";
			sourceTree = "<group>";
		};
/* End PBXGroup section */

/* Begin PBXNativeTarget section */
		030BC40814EED80F000A2623 /* CalanderView */ = {
			isa = PBXNativeTarget;
			buildConfigurationList = 030BC42714EED80F000A2623 /* Build configuration list for PBXNativeTarget "CalanderView" */;
			buildPhases = (
				030BC40514EED80F000A2623 /* Sources */,
				030BC40614EED80F000A2623 /* Frameworks */,
				030BC40714EED80F000A2623 /* Resources */,
			);
			buildRules = (
			);
			dependencies = (
			);
			name = CalanderView;
			productName = CalanderView;
			productReference = 030BC40914EED80F000A2623 /* CalanderView.app */;
			productType = "com.apple.product-type.application";
		};
/* End PBXNativeTarget section */

/* Begin PBXProject section */
		030BC40014EED80F000A2623 /* Project object */ = {
			isa = PBXProject;
			attributes = {
				LastUpgradeCheck = 0420;
			};
			buildConfigurationList = 030BC40314EED80F000A2623 /* Build configuration list for PBXProject "CalanderView" */;
			compatibilityVersion = "Xcode 3.2";
			developmentRegion = English;
			hasScannedForEncodings = 0;
			knownRegions = (
				en,
			);
			mainGroup = 030BC3FE14EED80F000A2623;
			productRefGroup = 030BC40A14EED80F000A2623 /* Products */;
			projectDirPath = "";
			projectRoot = "";
			targets = (
				030BC40814EED80F000A2623 /* CalanderView */,
			);
		};
/* End PBXProject section */

/* Begin PBXResourcesBuildPhase section */
		030BC40714EED80F000A2623 /* Resources */ = {
			isa = PBXResourcesBuildPhase;
			buildActionMask = 2147483647;
			files = (
				030BC41814EED80F000A2623 /* InfoPlist.strings in Resources */,
				030BC42414EED80F000A2623 /* ViewController.xib in Resources */,
			);
			runOnlyForDeploymentPostprocessing = 0;
		};
/* End PBXResourcesBuildPhase section */

/* Begin PBXSourcesBuildPhase section */
		030BC40514EED80F000A2623 /* Sources */ = {
			isa = PBXSourcesBuildPhase;
			buildActionMask = 2147483647;
			files = (
				030BC41A14EED80F000A2623 /* main.m in Sources */,
				030BC41E14EED80F000A2623 /* AppDelegate.m in Sources */,
				030BC42114EED80F000A2623 /* ViewController.m in Sources */,
			);
			runOnlyForDeploymentPostprocessing = 0;
		};
/* End PBXSourcesBuildPhase section */

/* Begin PBXVariantGroup section */
		030BC41614EED80F000A2623 /* InfoPlist.strings */ = {
			isa = PBXVariantGroup;
			children = (
				030BC41714EED80F000A2623 /* en */,
			);
			name = InfoPlist.strings;
			sourceTree = "<group>";
		};
		030BC42214EED80F000A2623 /* ViewController.xib */ = {
			isa = PBXVariantGroup;
			children = (
				030BC42314EED80F000A2623 /* en */,
			);
			name = ViewController.xib;
			sourceTree = "<group>";
		};
/* End PBXVariantGroup section */

/* Begin XCBuildConfiguration section */
		030BC42514EED80F000A2623 /* Debug */ = {
			isa = XCBuildConfiguration;
			buildSettings = {
				ALWAYS_SEARCH_USER_PATHS = NO;
				ARCHS = "$(ARCHS_STANDARD_32_BIT)";
				"CODE_SIGN_IDENTITY[sdk=iphoneos*]" = "iPhone Developer";
				COPY_PHASE_STRIP = NO;
				GCC_C_LANGUAGE_STANDARD = gnu99;
				GCC_DYNAMIC_NO_PIC = NO;
				GCC_OPTIMIZATION_LEVEL = 0;
				GCC_PREPROCESSOR_DEFINITIONS = (
					"DEBUG=1",
					"$(inherited)",
				);
				GCC_SYMBOLS_PRIVATE_EXTERN = NO;
				GCC_VERSION = com.apple.compilers.llvm.clang.1_0;
				GCC_WARN_ABOUT_MISSING_PROTOTYPES = YES;
				GCC_WARN_ABOUT_RETURN_TYPE = YES;
				GCC_WARN_UNUSED_VARIABLE = YES;
				IPHONEOS_DEPLOYMENT_TARGET = 5.0;
				SDKROOT = iphoneos;
			};
			name = Debug;
		};
		030BC42614EED80F000A2623 /* Release */ = {
			isa = XCBuildConfiguration;
			buildSettings = {
				ALWAYS_SEARCH_USER_PATHS = NO;
				ARCHS = "$(ARCHS_STANDARD_32_BIT)";
				"CODE_SIGN_IDENTITY[sdk=iphoneos*]" = "iPhone Developer";
				COPY_PHASE_STRIP = YES;
				GCC_C_LANGUAGE_STANDARD = gnu99;
				GCC_VERSION = com.apple.compilers.llvm.clang.1_0;
				GCC_WARN_ABOUT_MISSING_PROTOTYPES = YES;
				GCC_WARN_ABOUT_RETURN_TYPE = YES;
				GCC_WARN_UNUSED_VARIABLE = YES;
				IPHONEOS_DEPLOYMENT_TARGET = 5.0;
				OTHER_CFLAGS = "-DNS_BLOCK_ASSERTIONS=1";
				SDKROOT = iphoneos;
				VALIDATE_PRODUCT = YES;
			};
			name = Release;
		};
		030BC42814EED80F000A2623 /* Debug */ = {
			isa = XCBuildConfiguration;
			buildSettings = {
				GCC_PRECOMPILE_PREFIX_HEADER = YES;
				GCC_PREFIX_HEADER = "CalanderView/CalanderView-Prefix.pch";
				INFOPLIST_FILE = "CalanderView/CalanderView-Info.plist";
				PRODUCT_NAME = "$(TARGET_NAME)";
				WRAPPER_EXTENSION = app;
			};
			name = Debug;
		};
		030BC42914EED80F000A2623 /* Release */ = {
			isa = XCBuildConfiguration;
			buildSettings = {
				GCC_PRECOMPILE_PREFIX_HEADER = YES;
				GCC_PREFIX_HEADER = "CalanderView/CalanderView-Prefix.pch";
				INFOPLIST_FILE = "CalanderView/CalanderView-Info.plist";
				PRODUCT_NAME = "$(TARGET_NAME)";
				WRAPPER_EXTENSION = app;
			};
			name = Release;
		};
/* End XCBuildConfiguration section */

/* Begin XCConfigurationList section */
		030BC40314EED80F000A2623 /* Build configuration list for PBXProject "CalanderView" */ = {
			isa = XCConfigurationList;
			buildConfigurations = (
				030BC42514EED80F000A2623 /* Debug */,
				030BC42614EED80F000A2623 /* Release */,
			);
			defaultConfigurationIsVisible = 0;
			defaultConfigurationName = Release;
		};
		030BC42714EED80F000A2623 /* Build configuration list for PBXNativeTarget "CalanderView" */ = {
			isa = XCConfigurationList;
			buildConfigurations = (
				030BC42814EED80F000A2623 /* Debug */,
				030BC42914EED80F000A2623 /* Release */,
			);
			defaultConfigurationIsVisible = 0;
		};
/* End XCConfigurationList section */
	};
	rootObject = 030BC40014EED80F000A2623 /* Project object */;
}
